
Microsoft Visual Studio Solution File, Format Version 12.00
# Visual Studio Version 17
VisualStudioVersion = 17.1.32407.343
MinimumVisualStudioVersion = 10.0.40219.1
Project("{9A19103F-16F7-4668-BE54-9A1E7A4F7556}") = "console-type-system", "console-type-system\console-type-system.csproj", "{7BF1E9CD-500E-4FDC-A470-3AF6D10A6652}"
EndProject
Project("{9A19103F-16F7-4668-BE54-9A1E7A4F7556}") = "console-type-system-app", "console-type-system-app\console-type-system-app.csproj", "{F808587B-2586-4390-8712-8169C1E4C110}"
EndProject
Global
	GlobalSection(SolutionConfigurationPlatforms) = preSolution
		Debug|Any CPU = Debug|Any CPU
		Release|Any CPU = Release|Any CPU
	EndGlobalSection
	GlobalSection(ProjectConfigurationPlatforms) = postSolution
		{7BF1E9CD-500E-4FDC-A470-3AF6D10A6652}.Debug|Any CPU.ActiveCfg = Debug|Any CPU
		{7BF1E9CD-500E-4FDC-A470-3AF6D10A6652}.Debug|Any CPU.Build.0 = Debug|Any CPU
		{7BF1E9CD-500E-4FDC-A470-3AF6D10A6652}.Release|Any CPU.ActiveCfg = Release|Any CPU
		{7BF1E9CD-500E-4FDC-A470-3AF6D10A6652}.Release|Any CPU.Build.0 = Release|Any CPU
		{F808587B-2586-4390-8712-8169C1E4C110}.Debug|Any CPU.ActiveCfg = Debug|Any CPU
		{F808587B-2586-4390-8712-8169C1E4C110}.Debug|Any CPU.Build.0 = Debug|Any CPU
		{F808587B-2586-4390-8712-8169C1E4C110}.Release|Any CPU.ActiveCfg = Release|Any CPU
		{F808587B-2586-4390-8712-8169C1E4C110}.Release|Any CPU.Build.0 = Release|Any CPU
	EndGlobalSection
	GlobalSection(SolutionProperties) = preSolution
		HideSolutionNode = FALSE
	EndGlobalSection
	GlobalSection(ExtensibilityGlobals) = postSolution
		SolutionGuid = {9065C285-20EC-4B22-92B3-7F8C4A594F8F}
	EndGlobalSection
EndGlobal
